
Microsoft Visual Studio Solution File, Format Version 12.00
# Visual Studio Version 17
VisualStudioVersion = 17.4.33122.133
MinimumVisualStudioVersion = 10.0.40219.1
Project("{FAE04EC0-301F-11D3-BF4B-00C04F79EFBC}") = "ExamDoorang", "ExamDoorang\ExamDoorang.csproj", "{F6777FB6-0674-4A1F-81E7-FEA72D7333B3}"
EndProject
Global
	GlobalSection(SolutionConfigurationPlatforms) = preSolution
		Debug|Any CPU = Debug|Any CPU
		Release|Any CPU = Release|Any CPU
	EndGlobalSection
	GlobalSection(ProjectConfigurationPlatforms) = postSolution
		{F6777FB6-0674-4A1F-81E7-FEA72D7333B3}.Debug|Any CPU.ActiveCfg = Debug|Any CPU
		{F6777FB6-0674-4A1F-81E7-FEA72D7333B3}.Debug|Any CPU.Build.0 = Debug|Any CPU
		{F6777FB6-0674-4A1F-81E7-FEA72D7333B3}.Release|Any CPU.ActiveCfg = Release|Any CPU
		{F6777FB6-0674-4A1F-81E7-FEA72D7333B3}.Release|Any CPU.Build.0 = Release|Any CPU
	EndGlobalSection
	GlobalSection(SolutionProperties) = preSolution
		HideSolutionNode = FALSE
	EndGlobalSection
	GlobalSection(ExtensibilityGlobals) = postSolution
		SolutionGuid = {8D9702A2-621B-431F-9841-B9EDEA959CB0}
	EndGlobalSection
EndGlobal
